
Microsoft Visual Studio Solution File, Format Version 12.00
# Visual Studio Version 16
VisualStudioVersion = 16.0.31410.357
MinimumVisualStudioVersion = 10.0.40219.1
Project("{9A19103F-16F7-4668-BE54-9A1E7A4F7556}") = "OrderApi", "OrderApi\OrderApi.csproj", "{B63E7BFD-DC65-4BE5-B844-33CDF4ACD226}"
EndProject
Global
	GlobalSection(SolutionConfigurationPlatforms) = preSolution
		Debug|Any CPU = Debug|Any CPU
		Release|Any CPU = Release|Any CPU
	EndGlobalSection
	GlobalSection(ProjectConfigurationPlatforms) = postSolution
		{B63E7BFD-DC65-4BE5-B844-33CDF4ACD226}.Debug|Any CPU.ActiveCfg = Debug|Any CPU
		{B63E7BFD-DC65-4BE5-B844-33CDF4ACD226}.Debug|Any CPU.Build.0 = Debug|Any CPU
		{B63E7BFD-DC65-4BE5-B844-33CDF4ACD226}.Release|Any CPU.ActiveCfg = Release|Any CPU
		{B63E7BFD-DC65-4BE5-B844-33CDF4ACD226}.Release|Any CPU.Build.0 = Release|Any CPU
	EndGlobalSection
	GlobalSection(SolutionProperties) = preSolution
		HideSolutionNode = FALSE
	EndGlobalSection
	GlobalSection(ExtensibilityGlobals) = postSolution
		SolutionGuid = {1B0FD983-F9A9-4835-9537-2AA549F631BD}
	EndGlobalSection
EndGlobal
